
Microsoft Visual Studio Solution File, Format Version 12.00
# Visual Studio Version 17
VisualStudioVersion = 17.14.36221.1 d17.14
MinimumVisualStudioVersion = 10.0.40219.1
Project("{FAE04EC0-301F-11D3-BF4B-00C04F79EFBC}") = "ClawBot", "ClawBot\ClawBot.csproj", "{5C47E504-5996-430F-8F9F-265DDB80B17C}"
EndProject
Global
	GlobalSection(SolutionConfigurationPlatforms) = preSolution
		Debug|Any CPU = Debug|Any CPU
		Release|Any CPU = Release|Any CPU
	EndGlobalSection
	GlobalSection(ProjectConfigurationPlatforms) = postSolution
		{5C47E504-5996-430F-8F9F-265DDB80B17C}.Debug|Any CPU.ActiveCfg = Debug|Any CPU
		{5C47E504-5996-430F-8F9F-265DDB80B17C}.Debug|Any CPU.Build.0 = Debug|Any CPU
		{5C47E504-5996-430F-8F9F-265DDB80B17C}.Release|Any CPU.ActiveCfg = Release|Any CPU
		{5C47E504-5996-430F-8F9F-265DDB80B17C}.Release|Any CPU.Build.0 = Release|Any CPU
	EndGlobalSection
	GlobalSection(SolutionProperties) = preSolution
		HideSolutionNode = FALSE
	EndGlobalSection
	GlobalSection(ExtensibilityGlobals) = postSolution
		SolutionGuid = {94D2CBA7-772C-479E-AC01-F775A7DB726D}
	EndGlobalSection
EndGlobal
